
Microsoft Visual Studio Solution File, Format Version 12.00
# Visual Studio Version 16
VisualStudioVersion = 16.0.28922.388
MinimumVisualStudioVersion = 10.0.40219.1
Project("{FAE04EC0-301F-11D3-BF4B-00C04F79EFBC}") = "ConsoleTestPoint", "ConsoleTestPoint\ConsoleTestPoint.csproj", "{F32FA9C6-F50F-4667-8C18-F83244298FE2}"
EndProject
Project("{FAE04EC0-301F-11D3-BF4B-00C04F79EFBC}") = "CoreLib", "CoreLib\CoreLib.csproj", "{DE46AAB0-1A05-44D9-9667-F33B4563261C}"
EndProject
Global
	GlobalSection(SolutionConfigurationPlatforms) = preSolution
		Debug|Any CPU = Debug|Any CPU
		Release|Any CPU = Release|Any CPU
	EndGlobalSection
	GlobalSection(ProjectConfigurationPlatforms) = postSolution
		{F32FA9C6-F50F-4667-8C18-F83244298FE2}.Debug|Any CPU.ActiveCfg = Debug|Any CPU
		{F32FA9C6-F50F-4667-8C18-F83244298FE2}.Debug|Any CPU.Build.0 = Debug|Any CPU
		{F32FA9C6-F50F-4667-8C18-F83244298FE2}.Release|Any CPU.ActiveCfg = Release|Any CPU
		{F32FA9C6-F50F-4667-8C18-F83244298FE2}.Release|Any CPU.Build.0 = Release|Any CPU
		{DE46AAB0-1A05-44D9-9667-F33B4563261C}.Debug|Any CPU.ActiveCfg = Debug|Any CPU
		{DE46AAB0-1A05-44D9-9667-F33B4563261C}.Debug|Any CPU.Build.0 = Debug|Any CPU
		{DE46AAB0-1A05-44D9-9667-F33B4563261C}.Release|Any CPU.ActiveCfg = Release|Any CPU
		{DE46AAB0-1A05-44D9-9667-F33B4563261C}.Release|Any CPU.Build.0 = Release|Any CPU
	EndGlobalSection
	GlobalSection(SolutionProperties) = preSolution
		HideSolutionNode = FALSE
	EndGlobalSection
	GlobalSection(ExtensibilityGlobals) = postSolution
		SolutionGuid = {CDCFEB95-A1BF-457B-BD05-D4162A3612CA}
	EndGlobalSection
EndGlobal
